# generated by rye
# use `rye lock` or `rye sync` to update this lockfile
#
# last locked with the following flags:
#   pre: false
#   features: []
#   all-features: false
#   with-sources: false
#   generate-hashes: false
#   universal: false

-e file:.
click==8.2.1
    # via myto
colorama==0.4.6
    # via click
psutil==7.0.0
pygetwindow==0.0.9
pyrect==0.2.0
    # via pygetwindow
